
Microsoft Visual Studio Solution File, Format Version 12.00
# Visual Studio 15
VisualStudioVersion = 15.0.26730.10
MinimumVisualStudioVersion = 10.0.40219.1
Project("{FAE04EC0-301F-11D3-BF4B-00C04F79EFBC}") = "SpotifyPlaylistMixer", "SpotifyPlaylistMixer\SpotifyPlaylistMixer.csproj", "{1770ACE0-6B55-40B4-B080-BB3F78A65C02}"
EndProject
Global
	GlobalSection(SolutionConfigurationPlatforms) = preSolution
		Debug|Any CPU = Debug|Any CPU
		Release|Any CPU = Release|Any CPU
	EndGlobalSection
	GlobalSection(ProjectConfigurationPlatforms) = postSolution
		{1770ACE0-6B55-40B4-B080-BB3F78A65C02}.Debug|Any CPU.ActiveCfg = Debug|Any CPU
		{1770ACE0-6B55-40B4-B080-BB3F78A65C02}.Debug|Any CPU.Build.0 = Debug|Any CPU
		{1770ACE0-6B55-40B4-B080-BB3F78A65C02}.Release|Any CPU.ActiveCfg = Release|Any CPU
		{1770ACE0-6B55-40B4-B080-BB3F78A65C02}.Release|Any CPU.Build.0 = Release|Any CPU
	EndGlobalSection
	GlobalSection(SolutionProperties) = preSolution
		HideSolutionNode = FALSE
	EndGlobalSection
	GlobalSection(ExtensibilityGlobals) = postSolution
		SolutionGuid = {C40D68DB-FB0F-46DC-BD5B-6ABFDED343BE}
	EndGlobalSection
EndGlobal
